
Microsoft Visual Studio Solution File, Format Version 12.00
# Visual Studio Version 17
VisualStudioVersion = 17.2.32630.192
MinimumVisualStudioVersion = 10.0.40219.1
Project("{2150E333-8FDC-42A3-9474-1A3956D46DE8}") = "Aula 01", "Aula 01", "{15675B32-AACE-4834-A757-2F4A5EB1C66A}"
EndProject
Project("{2150E333-8FDC-42A3-9474-1A3956D46DE8}") = "Aula 02", "Aula 02", "{488C1DD2-99E6-4A1D-A770-7134CD91E8A4}"
EndProject
Project("{9A19103F-16F7-4668-BE54-9A1E7A4F7556}") = "Aula 01", "Aula 01\Aula 01.csproj", "{E5F8513A-B826-4EF6-A8FE-BF1553D90996}"
EndProject
Project("{9A19103F-16F7-4668-BE54-9A1E7A4F7556}") = "Aula 02", "Aula 02\Aula 02.csproj", "{2F46CB8B-0F93-4E4F-81F9-234EB1AABD8A}"
EndProject
Project("{2150E333-8FDC-42A3-9474-1A3956D46DE8}") = "Aula 03", "Aula 03", "{8D3A7F1D-4B1B-47AA-BAE7-15955D91005B}"
EndProject
Project("{9A19103F-16F7-4668-BE54-9A1E7A4F7556}") = "Aula 03", "Aula 03\Aula 03.csproj", "{7B9B7945-D7DF-4222-9A72-85D58E5C8554}"
EndProject
Project("{2150E333-8FDC-42A3-9474-1A3956D46DE8}") = "Aula 04", "Aula 04", "{8B425FB4-5D30-4933-AA3D-35C51BE93A4C}"
EndProject
Project("{9A19103F-16F7-4668-BE54-9A1E7A4F7556}") = "Aula 04", "Aula 04\Aula 04.csproj", "{87A750E3-C3FD-49F3-BD58-03A4E7EC4B0B}"
EndProject
Project("{9A19103F-16F7-4668-BE54-9A1E7A4F7556}") = "Aula 04 - Exercícios", "Exercicios - Aula 04\Aula 04 - Exercícios.csproj", "{0EC10859-3724-4837-B770-2C33573BBD0E}"
EndProject
Project("{2150E333-8FDC-42A3-9474-1A3956D46DE8}") = "Aula 05", "Aula 05", "{11CFE9EC-9DA0-4DB9-AAF3-2E7FDD2335D4}"
EndProject
Project("{FAE04EC0-301F-11D3-BF4B-00C04F79EFBC}") = "Aula 05", "Aula 05\Aula 05.csproj", "{67D6B313-AF17-4F4B-8946-2F8F8318C10E}"
EndProject
Global
	GlobalSection(SolutionConfigurationPlatforms) = preSolution
		Debug|Any CPU = Debug|Any CPU
		Release|Any CPU = Release|Any CPU
	EndGlobalSection
	GlobalSection(ProjectConfigurationPlatforms) = postSolution
		{E5F8513A-B826-4EF6-A8FE-BF1553D90996}.Debug|Any CPU.ActiveCfg = Debug|Any CPU
		{E5F8513A-B826-4EF6-A8FE-BF1553D90996}.Debug|Any CPU.Build.0 = Debug|Any CPU
		{E5F8513A-B826-4EF6-A8FE-BF1553D90996}.Release|Any CPU.ActiveCfg = Release|Any CPU
		{E5F8513A-B826-4EF6-A8FE-BF1553D90996}.Release|Any CPU.Build.0 = Release|Any CPU
		{2F46CB8B-0F93-4E4F-81F9-234EB1AABD8A}.Debug|Any CPU.ActiveCfg = Debug|Any CPU
		{2F46CB8B-0F93-4E4F-81F9-234EB1AABD8A}.Debug|Any CPU.Build.0 = Debug|Any CPU
		{2F46CB8B-0F93-4E4F-81F9-234EB1AABD8A}.Release|Any CPU.ActiveCfg = Release|Any CPU
		{2F46CB8B-0F93-4E4F-81F9-234EB1AABD8A}.Release|Any CPU.Build.0 = Release|Any CPU
		{7B9B7945-D7DF-4222-9A72-85D58E5C8554}.Debug|Any CPU.ActiveCfg = Debug|Any CPU
		{7B9B7945-D7DF-4222-9A72-85D58E5C8554}.Debug|Any CPU.Build.0 = Debug|Any CPU
		{7B9B7945-D7DF-4222-9A72-85D58E5C8554}.Release|Any CPU.ActiveCfg = Release|Any CPU
		{7B9B7945-D7DF-4222-9A72-85D58E5C8554}.Release|Any CPU.Build.0 = Release|Any CPU
		{87A750E3-C3FD-49F3-BD58-03A4E7EC4B0B}.Debug|Any CPU.ActiveCfg = Debug|Any CPU
		{87A750E3-C3FD-49F3-BD58-03A4E7EC4B0B}.Debug|Any CPU.Build.0 = Debug|Any CPU
		{87A750E3-C3FD-49F3-BD58-03A4E7EC4B0B}.Release|Any CPU.ActiveCfg = Release|Any CPU
		{87A750E3-C3FD-49F3-BD58-03A4E7EC4B0B}.Release|Any CPU.Build.0 = Release|Any CPU
		{0EC10859-3724-4837-B770-2C33573BBD0E}.Debug|Any CPU.ActiveCfg = Debug|Any CPU
		{0EC10859-3724-4837-B770-2C33573BBD0E}.Debug|Any CPU.Build.0 = Debug|Any CPU
		{0EC10859-3724-4837-B770-2C33573BBD0E}.Release|Any CPU.ActiveCfg = Release|Any CPU
		{0EC10859-3724-4837-B770-2C33573BBD0E}.Release|Any CPU.Build.0 = Release|Any CPU
		{67D6B313-AF17-4F4B-8946-2F8F8318C10E}.Debug|Any CPU.ActiveCfg = Debug|Any CPU
		{67D6B313-AF17-4F4B-8946-2F8F8318C10E}.Debug|Any CPU.Build.0 = Debug|Any CPU
		{67D6B313-AF17-4F4B-8946-2F8F8318C10E}.Release|Any CPU.ActiveCfg = Release|Any CPU
		{67D6B313-AF17-4F4B-8946-2F8F8318C10E}.Release|Any CPU.Build.0 = Release|Any CPU
	EndGlobalSection
	GlobalSection(SolutionProperties) = preSolution
		HideSolutionNode = FALSE
	EndGlobalSection
	GlobalSection(NestedProjects) = preSolution
		{E5F8513A-B826-4EF6-A8FE-BF1553D90996} = {15675B32-AACE-4834-A757-2F4A5EB1C66A}
		{2F46CB8B-0F93-4E4F-81F9-234EB1AABD8A} = {488C1DD2-99E6-4A1D-A770-7134CD91E8A4}
		{7B9B7945-D7DF-4222-9A72-85D58E5C8554} = {8D3A7F1D-4B1B-47AA-BAE7-15955D91005B}
		{87A750E3-C3FD-49F3-BD58-03A4E7EC4B0B} = {8B425FB4-5D30-4933-AA3D-35C51BE93A4C}
		{0EC10859-3724-4837-B770-2C33573BBD0E} = {8B425FB4-5D30-4933-AA3D-35C51BE93A4C}
		{67D6B313-AF17-4F4B-8946-2F8F8318C10E} = {11CFE9EC-9DA0-4DB9-AAF3-2E7FDD2335D4}
	EndGlobalSection
	GlobalSection(ExtensibilityGlobals) = postSolution
		SolutionGuid = {79194901-5620-4A72-99F3-3C389A2B2B4A}
	EndGlobalSection
EndGlobal
